
Microsoft Visual Studio Solution File, Format Version 12.00
# Visual Studio Version 16
VisualStudioVersion = 16.0.31624.102
MinimumVisualStudioVersion = 10.0.40219.1
Project("{9A19103F-16F7-4668-BE54-9A1E7A4F7556}") = "Matematiksel_Operatıon", "Matematiksel_Operatıon\Matematiksel_Operatıon.csproj", "{0AC18DF5-A5D8-453B-A5AF-23D762EBE303}"
EndProject
Project("{FAE04EC0-301F-11D3-BF4B-00C04F79EFBC}") = "ornekler", "ornekler\ornekler.csproj", "{6E089273-8922-49FE-A284-05DF518AB619}"
EndProject
Project("{FAE04EC0-301F-11D3-BF4B-00C04F79EFBC}") = "TipDonusumler", "TipDonusumler\TipDonusumler.csproj", "{950BFE7E-B3E1-4F37-BF08-EC55E012C6B5}"
EndProject
Global
	GlobalSection(SolutionConfigurationPlatforms) = preSolution
		Debug|Any CPU = Debug|Any CPU
		Release|Any CPU = Release|Any CPU
	EndGlobalSection
	GlobalSection(ProjectConfigurationPlatforms) = postSolution
		{0AC18DF5-A5D8-453B-A5AF-23D762EBE303}.Debug|Any CPU.ActiveCfg = Debug|Any CPU
		{0AC18DF5-A5D8-453B-A5AF-23D762EBE303}.Debug|Any CPU.Build.0 = Debug|Any CPU
		{0AC18DF5-A5D8-453B-A5AF-23D762EBE303}.Release|Any CPU.ActiveCfg = Release|Any CPU
		{0AC18DF5-A5D8-453B-A5AF-23D762EBE303}.Release|Any CPU.Build.0 = Release|Any CPU
		{6E089273-8922-49FE-A284-05DF518AB619}.Debug|Any CPU.ActiveCfg = Debug|Any CPU
		{6E089273-8922-49FE-A284-05DF518AB619}.Debug|Any CPU.Build.0 = Debug|Any CPU
		{6E089273-8922-49FE-A284-05DF518AB619}.Release|Any CPU.ActiveCfg = Release|Any CPU
		{6E089273-8922-49FE-A284-05DF518AB619}.Release|Any CPU.Build.0 = Release|Any CPU
		{950BFE7E-B3E1-4F37-BF08-EC55E012C6B5}.Debug|Any CPU.ActiveCfg = Debug|Any CPU
		{950BFE7E-B3E1-4F37-BF08-EC55E012C6B5}.Debug|Any CPU.Build.0 = Debug|Any CPU
		{950BFE7E-B3E1-4F37-BF08-EC55E012C6B5}.Release|Any CPU.ActiveCfg = Release|Any CPU
		{950BFE7E-B3E1-4F37-BF08-EC55E012C6B5}.Release|Any CPU.Build.0 = Release|Any CPU
	EndGlobalSection
	GlobalSection(SolutionProperties) = preSolution
		HideSolutionNode = FALSE
	EndGlobalSection
	GlobalSection(ExtensibilityGlobals) = postSolution
		SolutionGuid = {82D3B216-79E5-4149-9788-6E69EB477F07}
	EndGlobalSection
EndGlobal
